
Microsoft Visual Studio Solution File, Format Version 12.00
# Visual Studio Version 17
VisualStudioVersion = 17.2.32526.322
MinimumVisualStudioVersion = 10.0.40219.1
Project("{FAE04EC0-301F-11D3-BF4B-00C04F79EFBC}") = "Calculator", "Calculator\Calculator.csproj", "{AD92C5EF-261A-4F67-903E-7ED55C27A954}"
EndProject
Global
	GlobalSection(SolutionConfigurationPlatforms) = preSolution
		Debug|Any CPU = Debug|Any CPU
		Release|Any CPU = Release|Any CPU
	EndGlobalSection
	GlobalSection(ProjectConfigurationPlatforms) = postSolution
		{AD92C5EF-261A-4F67-903E-7ED55C27A954}.Debug|Any CPU.ActiveCfg = Debug|Any CPU
		{AD92C5EF-261A-4F67-903E-7ED55C27A954}.Debug|Any CPU.Build.0 = Debug|Any CPU
		{AD92C5EF-261A-4F67-903E-7ED55C27A954}.Release|Any CPU.ActiveCfg = Release|Any CPU
		{AD92C5EF-261A-4F67-903E-7ED55C27A954}.Release|Any CPU.Build.0 = Release|Any CPU
	EndGlobalSection
	GlobalSection(SolutionProperties) = preSolution
		HideSolutionNode = FALSE
	EndGlobalSection
	GlobalSection(ExtensibilityGlobals) = postSolution
		SolutionGuid = {3A17D1CE-23E1-467C-A6DD-9BD96E83585C}
	EndGlobalSection
EndGlobal
